{
  "lockfileVersion": 1,
  "configVersion": 0,
  "workspaces": {
    "": {
      "name": "street-fighter-demo",
      "dependencies": {
        "lit": "^3.3.1",
        "sass": "^1.91.0",
        "vite": "^7.1.3",
      },
      "devDependencies": {
        "@biomejs/biome": "^2.2.2",
        "typescript": "^5.9.2",
      },
    },
  },
  "packages": {
    "@biomejs/biome": ["@biomejs/biome@2.2.2", "", { "optionalDependencies": { "@biomejs/cli-darwin-arm64": "2.2.2", "@biomejs/cli-darwin-x64": "2.2.2", "@biomejs/cli-linux-arm64": "2.2.2", "@biomejs/cli-linux-arm64-musl": "2.2.2", "@biomejs/cli-linux-x64": "2.2.2", "@biomejs/cli-linux-x64-musl": "2.2.2", "@biomejs/cli-win32-arm64": "2.2.2", "@biomejs/cli-win32-x64": "2.2.2" }, "bin": { "biome": "bin/biome" } }, "sha512-j1omAiQWCkhuLgwpMKisNKnsM6W8Xtt1l0WZmqY/dFj8QPNkIoTvk4tSsi40FaAAkBE1PU0AFG2RWFBWenAn+w=="],

    "@biomejs/cli-darwin-arm64": ["@biomejs/cli-darwin-arm64@2.2.2", "", { "os": "darwin", "cpu": "arm64" }, "sha512-6ePfbCeCPryWu0CXlzsWNZgVz/kBEvHiPyNpmViSt6A2eoDf4kXs3YnwQPzGjy8oBgQulrHcLnJL0nkCh80mlQ=="],

    "@biomejs/cli-darwin-x64": ["@biomejs/cli-darwin-x64@2.2.2", "", { "os": "darwin", "cpu": "x64" }, "sha512-Tn4JmVO+rXsbRslml7FvKaNrlgUeJot++FkvYIhl1OkslVCofAtS35MPlBMhXgKWF9RNr9cwHanrPTUUXcYGag=="],

    "@biomejs/cli-linux-arm64": ["@biomejs/cli-linux-arm64@2.2.2", "", { "os": "linux", "cpu": "arm64" }, "sha512-JfrK3gdmWWTh2J5tq/rcWCOsImVyzUnOS2fkjhiYKCQ+v8PqM+du5cfB7G1kXas+7KQeKSWALv18iQqdtIMvzw=="],

    "@biomejs/cli-linux-arm64-musl": ["@biomejs/cli-linux-arm64-musl@2.2.2", "", { "os": "linux", "cpu": "arm64" }, "sha512-/MhYg+Bd6renn6i1ylGFL5snYUn/Ct7zoGVKhxnro3bwekiZYE8Kl39BSb0MeuqM+72sThkQv4TnNubU9njQRw=="],

    "@biomejs/cli-linux-x64": ["@biomejs/cli-linux-x64@2.2.2", "", { "os": "linux", "cpu": "x64" }, "sha512-Ogb+77edO5LEP/xbNicACOWVLt8mgC+E1wmpUakr+O4nKwLt9vXe74YNuT3T1dUBxC/SnrVmlzZFC7kQJEfquQ=="],

    "@biomejs/cli-linux-x64-musl": ["@biomejs/cli-linux-x64-musl@2.2.2", "", { "os": "linux", "cpu": "x64" }, "sha512-ZCLXcZvjZKSiRY/cFANKg+z6Fhsf9MHOzj+NrDQcM+LbqYRT97LyCLWy2AS+W2vP+i89RyRM+kbGpUzbRTYWig=="],

    "@biomejs/cli-win32-arm64": ["@biomejs/cli-win32-arm64@2.2.2", "", { "os": "win32", "cpu": "arm64" }, "sha512-wBe2wItayw1zvtXysmHJQoQqXlTzHSpQRyPpJKiNIR21HzH/CrZRDFic1C1jDdp+zAPtqhNExa0owKMbNwW9cQ=="],

    "@biomejs/cli-win32-x64": ["@biomejs/cli-win32-x64@2.2.2", "", { "os": "win32", "cpu": "x64" }, "sha512-DAuHhHekGfiGb6lCcsT4UyxQmVwQiBCBUMwVra/dcOSs9q8OhfaZgey51MlekT3p8UwRqtXQfFuEJBhJNdLZwg=="],

    "@esbuild/aix-ppc64": ["@esbuild/aix-ppc64@0.25.2", "", { "os": "aix", "cpu": "ppc64" }, "sha512-wCIboOL2yXZym2cgm6mlA742s9QeJ8DjGVaL39dLN4rRwrOgOyYSnOaFPhKZGLb2ngj4EyfAFjsNJwPXZvseag=="],

    "@esbuild/android-arm": ["@esbuild/android-arm@0.25.2", "", { "os": "android", "cpu": "arm" }, "sha512-NQhH7jFstVY5x8CKbcfa166GoV0EFkaPkCKBQkdPJFvo5u+nGXLEH/ooniLb3QI8Fk58YAx7nsPLozUWfCBOJA=="],

    "@esbuild/android-arm64": ["@esbuild/android-arm64@0.25.2", "", { "os": "android", "cpu": "arm64" }, "sha512-5ZAX5xOmTligeBaeNEPnPaeEuah53Id2tX4c2CVP3JaROTH+j4fnfHCkr1PjXMd78hMst+TlkfKcW/DlTq0i4w=="],

    "@esbuild/android-x64": ["@esbuild/android-x64@0.25.2", "", { "os": "android", "cpu": "x64" }, "sha512-Ffcx+nnma8Sge4jzddPHCZVRvIfQ0kMsUsCMcJRHkGJ1cDmhe4SsrYIjLUKn1xpHZybmOqCWwB0zQvsjdEHtkg=="],

    "@esbuild/darwin-arm64": ["@esbuild/darwin-arm64@https://registry.npmjs.org/@esbuild/darwin-arm64/-/darwin-arm64-0.25.2.tgz", {}],

    "@esbuild/darwin-x64": ["@esbuild/darwin-x64@0.25.2", "", { "os": "darwin", "cpu": "x64" }, "sha512-5eRPrTX7wFyuWe8FqEFPG2cU0+butQQVNcT4sVipqjLYQjjh8a8+vUTfgBKM88ObB85ahsnTwF7PSIt6PG+QkA=="],

    "@esbuild/freebsd-arm64": ["@esbuild/freebsd-arm64@0.25.2", "", { "os": "freebsd", "cpu": "arm64" }, "sha512-mLwm4vXKiQ2UTSX4+ImyiPdiHjiZhIaE9QvC7sw0tZ6HoNMjYAqQpGyui5VRIi5sGd+uWq940gdCbY3VLvsO1w=="],

    "@esbuild/freebsd-x64": ["@esbuild/freebsd-x64@0.25.2", "", { "os": "freebsd", "cpu": "x64" }, "sha512-6qyyn6TjayJSwGpm8J9QYYGQcRgc90nmfdUb0O7pp1s4lTY+9D0H9O02v5JqGApUyiHOtkz6+1hZNvNtEhbwRQ=="],

    "@esbuild/linux-arm": ["@esbuild/linux-arm@0.25.2", "", { "os": "linux", "cpu": "arm" }, "sha512-UHBRgJcmjJv5oeQF8EpTRZs/1knq6loLxTsjc3nxO9eXAPDLcWW55flrMVc97qFPbmZP31ta1AZVUKQzKTzb0g=="],

    "@esbuild/linux-arm64": ["@esbuild/linux-arm64@0.25.2", "", { "os": "linux", "cpu": "arm64" }, "sha512-gq/sjLsOyMT19I8obBISvhoYiZIAaGF8JpeXu1u8yPv8BE5HlWYobmlsfijFIZ9hIVGYkbdFhEqC0NvM4kNO0g=="],

    "@esbuild/linux-ia32": ["@esbuild/linux-ia32@0.25.2", "", { "os": "linux", "cpu": "ia32" }, "sha512-bBYCv9obgW2cBP+2ZWfjYTU+f5cxRoGGQ5SeDbYdFCAZpYWrfjjfYwvUpP8MlKbP0nwZ5gyOU/0aUzZ5HWPuvQ=="],

    "@esbuild/linux-loong64": ["@esbuild/linux-loong64@0.25.2", "", { "os": "linux", "cpu": "none" }, "sha512-SHNGiKtvnU2dBlM5D8CXRFdd+6etgZ9dXfaPCeJtz+37PIUlixvlIhI23L5khKXs3DIzAn9V8v+qb1TRKrgT5w=="],

    "@esbuild/linux-mips64el": ["@esbuild/linux-mips64el@0.25.2", "", { "os": "linux", "cpu": "none" }, "sha512-hDDRlzE6rPeoj+5fsADqdUZl1OzqDYow4TB4Y/3PlKBD0ph1e6uPHzIQcv2Z65u2K0kpeByIyAjCmjn1hJgG0Q=="],

    "@esbuild/linux-ppc64": ["@esbuild/linux-ppc64@0.25.2", "", { "os": "linux", "cpu": "ppc64" }, "sha512-tsHu2RRSWzipmUi9UBDEzc0nLc4HtpZEI5Ba+Omms5456x5WaNuiG3u7xh5AO6sipnJ9r4cRWQB2tUjPyIkc6g=="],

    "@esbuild/linux-riscv64": ["@esbuild/linux-riscv64@0.25.2", "", { "os": "linux", "cpu": "none" }, "sha512-k4LtpgV7NJQOml/10uPU0s4SAXGnowi5qBSjaLWMojNCUICNu7TshqHLAEbkBdAszL5TabfvQ48kK84hyFzjnw=="],

    "@esbuild/linux-s390x": ["@esbuild/linux-s390x@0.25.2", "", { "os": "linux", "cpu": "s390x" }, "sha512-GRa4IshOdvKY7M/rDpRR3gkiTNp34M0eLTaC1a08gNrh4u488aPhuZOCpkF6+2wl3zAN7L7XIpOFBhnaE3/Q8Q=="],

    "@esbuild/linux-x64": ["@esbuild/linux-x64@0.25.2", "", { "os": "linux", "cpu": "x64" }, "sha512-QInHERlqpTTZ4FRB0fROQWXcYRD64lAoiegezDunLpalZMjcUcld3YzZmVJ2H/Cp0wJRZ8Xtjtj0cEHhYc/uUg=="],

    "@esbuild/netbsd-arm64": ["@esbuild/netbsd-arm64@0.25.2", "", { "os": "none", "cpu": "arm64" }, "sha512-talAIBoY5M8vHc6EeI2WW9d/CkiO9MQJ0IOWX8hrLhxGbro/vBXJvaQXefW2cP0z0nQVTdQ/eNyGFV1GSKrxfw=="],

    "@esbuild/netbsd-x64": ["@esbuild/netbsd-x64@0.25.2", "", { "os": "none", "cpu": "x64" }, "sha512-voZT9Z+tpOxrvfKFyfDYPc4DO4rk06qamv1a/fkuzHpiVBMOhpjK+vBmWM8J1eiB3OLSMFYNaOaBNLXGChf5tg=="],

    "@esbuild/openbsd-arm64": ["@esbuild/openbsd-arm64@0.25.2", "", { "os": "openbsd", "cpu": "arm64" }, "sha512-dcXYOC6NXOqcykeDlwId9kB6OkPUxOEqU+rkrYVqJbK2hagWOMrsTGsMr8+rW02M+d5Op5NNlgMmjzecaRf7Tg=="],

    "@esbuild/openbsd-x64": ["@esbuild/openbsd-x64@0.25.2", "", { "os": "openbsd", "cpu": "x64" }, "sha512-t/TkWwahkH0Tsgoq1Ju7QfgGhArkGLkF1uYz8nQS/PPFlXbP5YgRpqQR3ARRiC2iXoLTWFxc6DJMSK10dVXluw=="],

    "@esbuild/sunos-x64": ["@esbuild/sunos-x64@0.25.2", "", { "os": "sunos", "cpu": "x64" }, "sha512-cfZH1co2+imVdWCjd+D1gf9NjkchVhhdpgb1q5y6Hcv9TP6Zi9ZG/beI3ig8TvwT9lH9dlxLq5MQBBgwuj4xvA=="],

    "@esbuild/win32-arm64": ["@esbuild/win32-arm64@0.25.2", "", { "os": "win32", "cpu": "arm64" }, "sha512-7Loyjh+D/Nx/sOTzV8vfbB3GJuHdOQyrOryFdZvPHLf42Tk9ivBU5Aedi7iyX+x6rbn2Mh68T4qq1SDqJBQO5Q=="],

    "@esbuild/win32-ia32": ["@esbuild/win32-ia32@0.25.2", "", { "os": "win32", "cpu": "ia32" }, "sha512-WRJgsz9un0nqZJ4MfhabxaD9Ft8KioqU3JMinOTvobbX6MOSUigSBlogP8QB3uxpJDsFS6yN+3FDBdqE5lg9kg=="],

    "@esbuild/win32-x64": ["@esbuild/win32-x64@0.25.2", "", { "os": "win32", "cpu": "x64" }, "sha512-kM3HKb16VIXZyIeVrM1ygYmZBKybX8N4p754bw390wGO3Tf2j4L2/WYL+4suWujpgf6GBYs3jv7TyUivdd05JA=="],

    "@lit-labs/ssr-dom-shim": ["@lit-labs/ssr-dom-shim@https://registry.npmjs.org/@lit-labs/ssr-dom-shim/-/ssr-dom-shim-1.3.0.tgz", {}],

    "@lit/reactive-element": ["@lit/reactive-element@https://registry.npmjs.org/@lit/reactive-element/-/reactive-element-2.1.0.tgz", { "dependencies": { "@lit-labs/ssr-dom-shim": "^1.2.0" } }],

    "@parcel/watcher": ["@parcel/watcher@https://registry.npmjs.org/@parcel/watcher/-/watcher-2.5.1.tgz", { "dependencies": { "detect-libc": "^1.0.3", "is-glob": "^4.0.3", "micromatch": "^4.0.5", "node-addon-api": "^7.0.0" }, "optionalDependencies": { "@parcel/watcher-android-arm64": "2.5.1", "@parcel/watcher-darwin-arm64": "2.5.1", "@parcel/watcher-darwin-x64": "2.5.1", "@parcel/watcher-freebsd-x64": "2.5.1", "@parcel/watcher-linux-arm-glibc": "2.5.1", "@parcel/watcher-linux-arm-musl": "2.5.1", "@parcel/watcher-linux-arm64-glibc": "2.5.1", "@parcel/watcher-linux-arm64-musl": "2.5.1", "@parcel/watcher-linux-x64-glibc": "2.5.1", "@parcel/watcher-linux-x64-musl": "2.5.1", "@parcel/watcher-win32-arm64": "2.5.1", "@parcel/watcher-win32-ia32": "2.5.1", "@parcel/watcher-win32-x64": "2.5.1" } }],

    "@parcel/watcher-android-arm64": ["@parcel/watcher-android-arm64@2.5.1", "", { "os": "android", "cpu": "arm64" }, "sha512-KF8+j9nNbUN8vzOFDpRMsaKBHZ/mcjEjMToVMJOhTozkDonQFFrRcfdLWn6yWKCmJKmdVxSgHiYvTCef4/qcBA=="],

    "@parcel/watcher-darwin-arm64": ["@parcel/watcher-darwin-arm64@https://registry.npmjs.org/@parcel/watcher-darwin-arm64/-/watcher-darwin-arm64-2.5.1.tgz", {}],

    "@parcel/watcher-darwin-x64": ["@parcel/watcher-darwin-x64@2.5.1", "", { "os": "darwin", "cpu": "x64" }, "sha512-1ZXDthrnNmwv10A0/3AJNZ9JGlzrF82i3gNQcWOzd7nJ8aj+ILyW1MTxVk35Db0u91oD5Nlk9MBiujMlwmeXZg=="],

    "@parcel/watcher-freebsd-x64": ["@parcel/watcher-freebsd-x64@2.5.1", "", { "os": "freebsd", "cpu": "x64" }, "sha512-SI4eljM7Flp9yPuKi8W0ird8TI/JK6CSxju3NojVI6BjHsTyK7zxA9urjVjEKJ5MBYC+bLmMcbAWlZ+rFkLpJQ=="],

    "@parcel/watcher-linux-arm-glibc": ["@parcel/watcher-linux-arm-glibc@2.5.1", "", { "os": "linux", "cpu": "arm" }, "sha512-RCdZlEyTs8geyBkkcnPWvtXLY44BCeZKmGYRtSgtwwnHR4dxfHRG3gR99XdMEdQ7KeiDdasJwwvNSF5jKtDwdA=="],

    "@parcel/watcher-linux-arm-musl": ["@parcel/watcher-linux-arm-musl@2.5.1", "", { "os": "linux", "cpu": "arm" }, "sha512-6E+m/Mm1t1yhB8X412stiKFG3XykmgdIOqhjWj+VL8oHkKABfu/gjFj8DvLrYVHSBNC+/u5PeNrujiSQ1zwd1Q=="],

    "@parcel/watcher-linux-arm64-glibc": ["@parcel/watcher-linux-arm64-glibc@2.5.1", "", { "os": "linux", "cpu": "arm64" }, "sha512-LrGp+f02yU3BN9A+DGuY3v3bmnFUggAITBGriZHUREfNEzZh/GO06FF5u2kx8x+GBEUYfyTGamol4j3m9ANe8w=="],

    "@parcel/watcher-linux-arm64-musl": ["@parcel/watcher-linux-arm64-musl@2.5.1", "", { "os": "linux", "cpu": "arm64" }, "sha512-cFOjABi92pMYRXS7AcQv9/M1YuKRw8SZniCDw0ssQb/noPkRzA+HBDkwmyOJYp5wXcsTrhxO0zq1U11cK9jsFg=="],

    "@parcel/watcher-linux-x64-glibc": ["@parcel/watcher-linux-x64-glibc@2.5.1", "", { "os": "linux", "cpu": "x64" }, "sha512-GcESn8NZySmfwlTsIur+49yDqSny2IhPeZfXunQi48DMugKeZ7uy1FX83pO0X22sHntJ4Ub+9k34XQCX+oHt2A=="],

    "@parcel/watcher-linux-x64-musl": ["@parcel/watcher-linux-x64-musl@2.5.1", "", { "os": "linux", "cpu": "x64" }, "sha512-n0E2EQbatQ3bXhcH2D1XIAANAcTZkQICBPVaxMeaCVBtOpBZpWJuf7LwyWPSBDITb7In8mqQgJ7gH8CILCURXg=="],

    "@parcel/watcher-win32-arm64": ["@parcel/watcher-win32-arm64@2.5.1", "", { "os": "win32", "cpu": "arm64" }, "sha512-RFzklRvmc3PkjKjry3hLF9wD7ppR4AKcWNzH7kXR7GUe0Igb3Nz8fyPwtZCSquGrhU5HhUNDr/mKBqj7tqA2Vw=="],

    "@parcel/watcher-win32-ia32": ["@parcel/watcher-win32-ia32@2.5.1", "", { "os": "win32", "cpu": "ia32" }, "sha512-c2KkcVN+NJmuA7CGlaGD1qJh1cLfDnQsHjE89E60vUEMlqduHGCdCLJCID5geFVM0dOtA3ZiIO8BoEQmzQVfpQ=="],

    "@parcel/watcher-win32-x64": ["@parcel/watcher-win32-x64@2.5.1", "", { "os": "win32", "cpu": "x64" }, "sha512-9lHBdJITeNR++EvSQVUcaZoWupyHfXe1jZvGZ06O/5MflPcuPLtEphScIBL+AiCWBO46tDSHzWyD0uDmmZqsgA=="],

    "@rollup/rollup-android-arm-eabi": ["@rollup/rollup-android-arm-eabi@4.48.1", "", { "os": "android", "cpu": "arm" }, "sha512-rGmb8qoG/zdmKoYELCBwu7vt+9HxZ7Koos3pD0+sH5fR3u3Wb/jGcpnqxcnWsPEKDUyzeLSqksN8LJtgXjqBYw=="],

    "@rollup/rollup-android-arm64": ["@rollup/rollup-android-arm64@4.48.1", "", { "os": "android", "cpu": "arm64" }, "sha512-4e9WtTxrk3gu1DFE+imNJr4WsL13nWbD/Y6wQcyku5qadlKHY3OQ3LJ/INrrjngv2BJIHnIzbqMk1GTAC2P8yQ=="],

    "@rollup/rollup-darwin-arm64": ["@rollup/rollup-darwin-arm64@4.48.1", "", { "os": "darwin", "cpu": "arm64" }, "sha512-+XjmyChHfc4TSs6WUQGmVf7Hkg8ferMAE2aNYYWjiLzAS/T62uOsdfnqv+GHRjq7rKRnYh4mwWb4Hz7h/alp8A=="],

    "@rollup/rollup-darwin-x64": ["@rollup/rollup-darwin-x64@4.48.1", "", { "os": "darwin", "cpu": "x64" }, "sha512-upGEY7Ftw8M6BAJyGwnwMw91rSqXTcOKZnnveKrVWsMTF8/k5mleKSuh7D4v4IV1pLxKAk3Tbs0Lo9qYmii5mQ=="],

    "@rollup/rollup-freebsd-arm64": ["@rollup/rollup-freebsd-arm64@4.48.1", "", { "os": "freebsd", "cpu": "arm64" }, "sha512-P9ViWakdoynYFUOZhqq97vBrhuvRLAbN/p2tAVJvhLb8SvN7rbBnJQcBu8e/rQts42pXGLVhfsAP0k9KXWa3nQ=="],

    "@rollup/rollup-freebsd-x64": ["@rollup/rollup-freebsd-x64@4.48.1", "", { "os": "freebsd", "cpu": "x64" }, "sha512-VLKIwIpnBya5/saccM8JshpbxfyJt0Dsli0PjXozHwbSVaHTvWXJH1bbCwPXxnMzU4zVEfgD1HpW3VQHomi2AQ=="],

    "@rollup/rollup-linux-arm-gnueabihf": ["@rollup/rollup-linux-arm-gnueabihf@4.48.1", "", { "os": "linux", "cpu": "arm" }, "sha512-3zEuZsXfKaw8n/yF7t8N6NNdhyFw3s8xJTqjbTDXlipwrEHo4GtIKcMJr5Ed29leLpB9AugtAQpAHW0jvtKKaQ=="],

    "@rollup/rollup-linux-arm-musleabihf": ["@rollup/rollup-linux-arm-musleabihf@4.48.1", "", { "os": "linux", "cpu": "arm" }, "sha512-leo9tOIlKrcBmmEypzunV/2w946JeLbTdDlwEZ7OnnsUyelZ72NMnT4B2vsikSgwQifjnJUbdXzuW4ToN1wV+Q=="],

    "@rollup/rollup-linux-arm64-gnu": ["@rollup/rollup-linux-arm64-gnu@4.48.1", "", { "os": "linux", "cpu": "arm64" }, "sha512-Vy/WS4z4jEyvnJm+CnPfExIv5sSKqZrUr98h03hpAMbE2aI0aD2wvK6GiSe8Gx2wGp3eD81cYDpLLBqNb2ydwQ=="],

    "@rollup/rollup-linux-arm64-musl": ["@rollup/rollup-linux-arm64-musl@4.48.1", "", { "os": "linux", "cpu": "arm64" }, "sha512-x5Kzn7XTwIssU9UYqWDB9VpLpfHYuXw5c6bJr4Mzv9kIv242vmJHbI5PJJEnmBYitUIfoMCODDhR7KoZLot2VQ=="],

    "@rollup/rollup-linux-loongarch64-gnu": ["@rollup/rollup-linux-loongarch64-gnu@4.48.1", "", { "os": "linux", "cpu": "none" }, "sha512-yzCaBbwkkWt/EcgJOKDUdUpMHjhiZT/eDktOPWvSRpqrVE04p0Nd6EGV4/g7MARXXeOqstflqsKuXVM3H9wOIQ=="],

    "@rollup/rollup-linux-ppc64-gnu": ["@rollup/rollup-linux-ppc64-gnu@4.48.1", "", { "os": "linux", "cpu": "ppc64" }, "sha512-UK0WzWUjMAJccHIeOpPhPcKBqax7QFg47hwZTp6kiMhQHeOYJeaMwzeRZe1q5IiTKsaLnHu9s6toSYVUlZ2QtQ=="],

    "@rollup/rollup-linux-riscv64-gnu": ["@rollup/rollup-linux-riscv64-gnu@4.48.1", "", { "os": "linux", "cpu": "none" }, "sha512-3NADEIlt+aCdCbWVZ7D3tBjBX1lHpXxcvrLt/kdXTiBrOds8APTdtk2yRL2GgmnSVeX4YS1JIf0imFujg78vpw=="],

    "@rollup/rollup-linux-riscv64-musl": ["@rollup/rollup-linux-riscv64-musl@4.48.1", "", { "os": "linux", "cpu": "none" }, "sha512-euuwm/QTXAMOcyiFCcrx0/S2jGvFlKJ2Iro8rsmYL53dlblp3LkUQVFzEidHhvIPPvcIsxDhl2wkBE+I6YVGzA=="],

    "@rollup/rollup-linux-s390x-gnu": ["@rollup/rollup-linux-s390x-gnu@4.48.1", "", { "os": "linux", "cpu": "s390x" }, "sha512-w8mULUjmPdWLJgmTYJx/W6Qhln1a+yqvgwmGXcQl2vFBkWsKGUBRbtLRuKJUln8Uaimf07zgJNxOhHOvjSQmBQ=="],

    "@rollup/rollup-linux-x64-gnu": ["@rollup/rollup-linux-x64-gnu@4.48.1", "", { "os": "linux", "cpu": "x64" }, "sha512-90taWXCWxTbClWuMZD0DKYohY1EovA+W5iytpE89oUPmT5O1HFdf8cuuVIylE6vCbrGdIGv85lVRzTcpTRZ+kA=="],

    "@rollup/rollup-linux-x64-musl": ["@rollup/rollup-linux-x64-musl@4.48.1", "", { "os": "linux", "cpu": "x64" }, "sha512-2Gu29SkFh1FfTRuN1GR1afMuND2GKzlORQUP3mNMJbqdndOg7gNsa81JnORctazHRokiDzQ5+MLE5XYmZW5VWg=="],

    "@rollup/rollup-win32-arm64-msvc": ["@rollup/rollup-win32-arm64-msvc@4.48.1", "", { "os": "win32", "cpu": "arm64" }, "sha512-6kQFR1WuAO50bxkIlAVeIYsz3RUx+xymwhTo9j94dJ+kmHe9ly7muH23sdfWduD0BA8pD9/yhonUvAjxGh34jQ=="],

    "@rollup/rollup-win32-ia32-msvc": ["@rollup/rollup-win32-ia32-msvc@4.48.1", "", { "os": "win32", "cpu": "ia32" }, "sha512-RUyZZ/mga88lMI3RlXFs4WQ7n3VyU07sPXmMG7/C1NOi8qisUg57Y7LRarqoGoAiopmGmChUhSwfpvQ3H5iGSQ=="],

    "@rollup/rollup-win32-x64-msvc": ["@rollup/rollup-win32-x64-msvc@4.48.1", "", { "os": "win32", "cpu": "x64" }, "sha512-8a/caCUN4vkTChxkaIJcMtwIVcBhi4X2PQRoT+yCK3qRYaZ7cURrmJFL5Ux9H9RaMIXj9RuihckdmkBX3zZsgg=="],

    "@types/estree": ["@types/estree@1.0.8", "", {}, "sha512-dWHzHa2WqEXI/O1E9OjrocMTKJl2mSrEolh1Iomrv6U+JuNwaHXsXx9bLu5gG7BUWFIN0skIQJQ/L1rIex4X6w=="],

    "@types/trusted-types": ["@types/trusted-types@https://registry.npmjs.org/@types/trusted-types/-/trusted-types-2.0.7.tgz", {}],

    "braces": ["braces@https://registry.npmjs.org/braces/-/braces-3.0.3.tgz", { "dependencies": { "fill-range": "^7.1.1" } }],

    "chokidar": ["chokidar@https://registry.npmjs.org/chokidar/-/chokidar-4.0.3.tgz", { "dependencies": { "readdirp": "^4.0.1" } }],

    "detect-libc": ["detect-libc@https://registry.npmjs.org/detect-libc/-/detect-libc-1.0.3.tgz", {}],

    "esbuild": ["esbuild@https://registry.npmjs.org/esbuild/-/esbuild-0.25.2.tgz", { "optionalDependencies": { "@esbuild/aix-ppc64": "0.25.2", "@esbuild/android-arm": "0.25.2", "@esbuild/android-arm64": "0.25.2", "@esbuild/android-x64": "0.25.2", "@esbuild/darwin-arm64": "0.25.2", "@esbuild/darwin-x64": "0.25.2", "@esbuild/freebsd-arm64": "0.25.2", "@esbuild/freebsd-x64": "0.25.2", "@esbuild/linux-arm": "0.25.2", "@esbuild/linux-arm64": "0.25.2", "@esbuild/linux-ia32": "0.25.2", "@esbuild/linux-loong64": "0.25.2", "@esbuild/linux-mips64el": "0.25.2", "@esbuild/linux-ppc64": "0.25.2", "@esbuild/linux-riscv64": "0.25.2", "@esbuild/linux-s390x": "0.25.2", "@esbuild/linux-x64": "0.25.2", "@esbuild/netbsd-arm64": "0.25.2", "@esbuild/netbsd-x64": "0.25.2", "@esbuild/openbsd-arm64": "0.25.2", "@esbuild/openbsd-x64": "0.25.2", "@esbuild/sunos-x64": "0.25.2", "@esbuild/win32-arm64": "0.25.2", "@esbuild/win32-ia32": "0.25.2", "@esbuild/win32-x64": "0.25.2" } }],

    "fdir": ["fdir@6.5.0", "", {}, "sha512-tIbYtZbucOs0BRGqPJkshJUYdL+SDH7dVM8gjy+ERp3WAUjLEFJE+02kanyHtwjWOnwrKYBiwAmM0p4kLJAnXg=="],

    "fill-range": ["fill-range@https://registry.npmjs.org/fill-range/-/fill-range-7.1.1.tgz", { "dependencies": { "to-regex-range": "^5.0.1" } }],

    "fsevents": ["fsevents@https://registry.npmjs.org/fsevents/-/fsevents-2.3.3.tgz", {}],

    "immutable": ["immutable@https://registry.npmjs.org/immutable/-/immutable-5.1.1.tgz", {}],

    "is-extglob": ["is-extglob@https://registry.npmjs.org/is-extglob/-/is-extglob-2.1.1.tgz", {}],

    "is-glob": ["is-glob@https://registry.npmjs.org/is-glob/-/is-glob-4.0.3.tgz", { "dependencies": { "is-extglob": "^2.1.1" } }],

    "is-number": ["is-number@https://registry.npmjs.org/is-number/-/is-number-7.0.0.tgz", {}],

    "lit": ["lit@3.3.1", "", { "dependencies": { "@lit/reactive-element": "^2.1.0", "lit-element": "^4.2.0", "lit-html": "^3.3.0" } }, "sha512-Ksr/8L3PTapbdXJCk+EJVB78jDodUMaP54gD24W186zGRARvwrsPfS60wae/SSCTCNZVPd1chXqio1qHQmu4NA=="],

    "lit-element": ["lit-element@https://registry.npmjs.org/lit-element/-/lit-element-4.2.0.tgz", { "dependencies": { "@lit-labs/ssr-dom-shim": "^1.2.0", "@lit/reactive-element": "^2.1.0", "lit-html": "^3.3.0" } }],

    "lit-html": ["lit-html@https://registry.npmjs.org/lit-html/-/lit-html-3.3.0.tgz", { "dependencies": { "@types/trusted-types": "^2.0.2" } }],

    "micromatch": ["micromatch@https://registry.npmjs.org/micromatch/-/micromatch-4.0.8.tgz", { "dependencies": { "braces": "^3.0.3", "picomatch": "^2.3.1" } }],

    "nanoid": ["nanoid@3.3.11", "", { "bin": { "nanoid": "bin/nanoid.cjs" } }, "sha512-N8SpfPUnUp1bK+PMYW8qSWdl9U+wwNWI4QKxOYDy9JAro3WMX7p2OeVRF9v+347pnakNevPmiHhNmZ2HbFA76w=="],

    "node-addon-api": ["node-addon-api@https://registry.npmjs.org/node-addon-api/-/node-addon-api-7.1.1.tgz", {}],

    "picocolors": ["picocolors@https://registry.npmjs.org/picocolors/-/picocolors-1.1.1.tgz", {}],

    "picomatch": ["picomatch@4.0.3", "", {}, "sha512-5gTmgEY/sqK6gFXLIsQNH19lWb4ebPDLA4SdLP7dsWkIXHWlG66oPuVvXSGFPppYZz8ZDZq0dYYrbHfBCVUb1Q=="],

    "postcss": ["postcss@8.5.6", "", { "dependencies": { "nanoid": "^3.3.11", "picocolors": "^1.1.1", "source-map-js": "^1.2.1" } }, "sha512-3Ybi1tAuwAP9s0r1UQ2J4n5Y0G05bJkpUIO0/bI9MhwmD70S5aTWbXGBwxHrelT+XM1k6dM0pk+SwNkpTRN7Pg=="],

    "readdirp": ["readdirp@https://registry.npmjs.org/readdirp/-/readdirp-4.1.2.tgz", {}],

    "rollup": ["rollup@4.48.1", "", { "dependencies": { "@types/estree": "1.0.8" }, "optionalDependencies": { "@rollup/rollup-android-arm-eabi": "4.48.1", "@rollup/rollup-android-arm64": "4.48.1", "@rollup/rollup-darwin-arm64": "4.48.1", "@rollup/rollup-darwin-x64": "4.48.1", "@rollup/rollup-freebsd-arm64": "4.48.1", "@rollup/rollup-freebsd-x64": "4.48.1", "@rollup/rollup-linux-arm-gnueabihf": "4.48.1", "@rollup/rollup-linux-arm-musleabihf": "4.48.1", "@rollup/rollup-linux-arm64-gnu": "4.48.1", "@rollup/rollup-linux-arm64-musl": "4.48.1", "@rollup/rollup-linux-loongarch64-gnu": "4.48.1", "@rollup/rollup-linux-ppc64-gnu": "4.48.1", "@rollup/rollup-linux-riscv64-gnu": "4.48.1", "@rollup/rollup-linux-riscv64-musl": "4.48.1", "@rollup/rollup-linux-s390x-gnu": "4.48.1", "@rollup/rollup-linux-x64-gnu": "4.48.1", "@rollup/rollup-linux-x64-musl": "4.48.1", "@rollup/rollup-win32-arm64-msvc": "4.48.1", "@rollup/rollup-win32-ia32-msvc": "4.48.1", "@rollup/rollup-win32-x64-msvc": "4.48.1", "fsevents": "~2.3.2" }, "bin": { "rollup": "dist/bin/rollup" } }, "sha512-jVG20NvbhTYDkGAty2/Yh7HK6/q3DGSRH4o8ALKGArmMuaauM9kLfoMZ+WliPwA5+JHr2lTn3g557FxBV87ifg=="],

    "sass": ["sass@1.91.0", "", { "dependencies": { "chokidar": "^4.0.0", "immutable": "^5.0.2", "source-map-js": ">=0.6.2 <2.0.0" }, "optionalDependencies": { "@parcel/watcher": "^2.4.1" }, "bin": { "sass": "sass.js" } }, "sha512-aFOZHGf+ur+bp1bCHZ+u8otKGh77ZtmFyXDo4tlYvT7PWql41Kwd8wdkPqhhT+h2879IVblcHFglIMofsFd1EA=="],

    "source-map-js": ["source-map-js@https://registry.npmjs.org/source-map-js/-/source-map-js-1.2.1.tgz", {}],

    "tinyglobby": ["tinyglobby@0.2.14", "", { "dependencies": { "fdir": "^6.4.4", "picomatch": "^4.0.2" } }, "sha512-tX5e7OM1HnYr2+a2C/4V0htOcSQcoSTH9KgJnVvNm5zm/cyEWKJ7j7YutsH9CxMdtOkkLFy2AHrMci9IM8IPZQ=="],

    "to-regex-range": ["to-regex-range@https://registry.npmjs.org/to-regex-range/-/to-regex-range-5.0.1.tgz", { "dependencies": { "is-number": "^7.0.0" } }],

    "typescript": ["typescript@5.9.2", "", { "bin": { "tsc": "bin/tsc", "tsserver": "bin/tsserver" } }, "sha512-CWBzXQrc/qOkhidw1OzBTQuYRbfyxDXJMVJ1XNwUHGROVmuaeiEm3OslpZ1RV96d7SKKjZKrSJu3+t/xlw3R9A=="],

    "vite": ["vite@7.1.3", "", { "dependencies": { "esbuild": "^0.25.0", "fdir": "^6.5.0", "picomatch": "^4.0.3", "postcss": "^8.5.6", "rollup": "^4.43.0", "tinyglobby": "^0.2.14" }, "optionalDependencies": { "fsevents": "~2.3.3" }, "bin": { "vite": "bin/vite.js" } }, "sha512-OOUi5zjkDxYrKhTV3V7iKsoS37VUM7v40+HuwEmcrsf11Cdx9y3DIr2Px6liIcZFwt3XSRpQvFpL3WVy7ApkGw=="],

    "micromatch/picomatch": ["picomatch@https://registry.npmjs.org/picomatch/-/picomatch-2.3.1.tgz", {}],

    "tinyglobby/fdir": ["fdir@https://registry.npmjs.org/fdir/-/fdir-6.4.4.tgz", {}],

    "tinyglobby/picomatch": ["picomatch@https://registry.npmjs.org/picomatch/-/picomatch-4.0.2.tgz", {}],
  }
}
